
Microsoft Visual Studio Solution File, Format Version 12.00
# Visual Studio Version 17
VisualStudioVersion = 17.9.34701.34
MinimumVisualStudioVersion = 10.0.40219.1
Project("{8BC9CEB8-8B4A-11D0-8D11-00A0C91BC942}") = "Daytype", "Daytype\Daytype.vcxproj", "{55E3500F-C3C7-463E-919E-EEC5A96918E2}"
EndProject
Global
	GlobalSection(SolutionConfigurationPlatforms) = preSolution
		Debug|x64 = Debug|x64
		Debug|x86 = Debug|x86
		Release|x64 = Release|x64
		Release|x86 = Release|x86
	EndGlobalSection
	GlobalSection(ProjectConfigurationPlatforms) = postSolution
		{55E3500F-C3C7-463E-919E-EEC5A96918E2}.Debug|x64.ActiveCfg = Debug|x64
		{55E3500F-C3C7-463E-919E-EEC5A96918E2}.Debug|x64.Build.0 = Debug|x64
		{55E3500F-C3C7-463E-919E-EEC5A96918E2}.Debug|x86.ActiveCfg = Debug|Win32
		{55E3500F-C3C7-463E-919E-EEC5A96918E2}.Debug|x86.Build.0 = Debug|Win32
		{55E3500F-C3C7-463E-919E-EEC5A96918E2}.Release|x64.ActiveCfg = Release|x64
		{55E3500F-C3C7-463E-919E-EEC5A96918E2}.Release|x64.Build.0 = Release|x64
		{55E3500F-C3C7-463E-919E-EEC5A96918E2}.Release|x86.ActiveCfg = Release|Win32
		{55E3500F-C3C7-463E-919E-EEC5A96918E2}.Release|x86.Build.0 = Release|Win32
	EndGlobalSection
	GlobalSection(SolutionProperties) = preSolution
		HideSolutionNode = FALSE
	EndGlobalSection
	GlobalSection(ExtensibilityGlobals) = postSolution
		SolutionGuid = {AAF95BF5-C91E-4D47-BC48-E2E41738969E}
	EndGlobalSection
EndGlobal
